
Microsoft Visual Studio Solution File, Format Version 12.00
# Visual Studio Version 16
VisualStudioVersion = 16.0.810.9
MinimumVisualStudioVersion = 10.0.40219.1
Project("{FAE04EC0-301F-11D3-BF4B-00C04F79EFBC}") = "Studio", "Studio\Studio.csproj", "{0AB08F4B-FDA9-4693-B652-591DB60492A1}"
EndProject
Global
	GlobalSection(SolutionConfigurationPlatforms) = preSolution
		Debug|Any CPU = Debug|Any CPU
		Release|Any CPU = Release|Any CPU
	EndGlobalSection
	GlobalSection(ProjectConfigurationPlatforms) = postSolution
		{0AB08F4B-FDA9-4693-B652-591DB60492A1}.Debug|Any CPU.ActiveCfg = Debug|Any CPU
		{0AB08F4B-FDA9-4693-B652-591DB60492A1}.Debug|Any CPU.Build.0 = Debug|Any CPU
		{0AB08F4B-FDA9-4693-B652-591DB60492A1}.Release|Any CPU.ActiveCfg = Release|Any CPU
		{0AB08F4B-FDA9-4693-B652-591DB60492A1}.Release|Any CPU.Build.0 = Release|Any CPU
	EndGlobalSection
	GlobalSection(SolutionProperties) = preSolution
		HideSolutionNode = FALSE
	EndGlobalSection
	GlobalSection(ExtensibilityGlobals) = postSolution
		SolutionGuid = {A1E8D4C0-F6FE-46A9-874A-3DBB2522B571}
	EndGlobalSection
EndGlobal
